// !$*UTF8*$!
{
	archiveVersion = 1;
	classes = {
	};
	objectVersion = 56;
	objects = {

/* Begin PBXBuildFile section */
		0006CE222C0F049900BA213A /* CombineMoya in Frameworks */ = {isa = PBXBuildFile; productRef = 0006CE212C0F049900BA213A /* CombineMoya */; };
		0006CE252C0F055C00BA213A /* CoingeckoService.swift in Sources */ = {isa = PBXBuildFile; fileRef = 0006CE242C0F055C00BA213A /* CoingeckoService.swift */; };
		0006CE272C0F068100BA213A /* APIKeys.swift in Sources */ = {isa = PBXBuildFile; fileRef = 0006CE262C0F068100BA213A /* APIKeys.swift */; };
		0006CE2A2C0F08A500BA213A /* Trending.swift in Sources */ = {isa = PBXBuildFile; fileRef = 0006CE292C0F08A500BA213A /* Trending.swift */; };
		0006CE2C2C0F0A8400BA213A /* CoingeckoManager.swift in Sources */ = {isa = PBXBuildFile; fileRef = 0006CE2B2C0F0A8400BA213A /* CoingeckoManager.swift */; };
		0006CE2E2C0F13E900BA213A /* NetworkErrors.swift in Sources */ = {isa = PBXBuildFile; fileRef = 0006CE2D2C0F13E900BA213A /* NetworkErrors.swift */; };
		0006CE302C0F170100BA213A /* TrendingView.swift in Sources */ = {isa = PBXBuildFile; fileRef = 0006CE2F2C0F170100BA213A /* TrendingView.swift */; };
		0006CE322C0F17BA00BA213A /* TrendingState.swift in Sources */ = {isa = PBXBuildFile; fileRef = 0006CE312C0F17BA00BA213A /* TrendingState.swift */; };
		0006CE342C0F19FE00BA213A /* TrendingIntent.swift in Sources */ = {isa = PBXBuildFile; fileRef = 0006CE332C0F19FE00BA213A /* TrendingIntent.swift */; };
		000FAF172C1951C4005DD853 /* LoggingPlugin.swift in Sources */ = {isa = PBXBuildFile; fileRef = 000FAF162C1951C4005DD853 /* LoggingPlugin.swift */; };
		000FAF192C1951E5005DD853 /* Data+Ext.swift in Sources */ = {isa = PBXBuildFile; fileRef = 000FAF182C1951E5005DD853 /* Data+Ext.swift */; };
		000FAF1B2C19A63B005DD853 /* Join.swift in Sources */ = {isa = PBXBuildFile; fileRef = 000FAF1A2C19A63B005DD853 /* Join.swift */; };
		000FAF1D2C19A6EF005DD853 /* UserInfo.swift in Sources */ = {isa = PBXBuildFile; fileRef = 000FAF1C2C19A6EF005DD853 /* UserInfo.swift */; };
		000FAF1F2C19DDED005DD853 /* Login.swift in Sources */ = {isa = PBXBuildFile; fileRef = 000FAF1E2C19DDED005DD853 /* Login.swift */; };
		000FAF212C19F94A005DD853 /* KeychainManager.swift in Sources */ = {isa = PBXBuildFile; fileRef = 000FAF202C19F94A005DD853 /* KeychainManager.swift */; };
		00175FA82C11E6B200D77BB6 /* Kingfisher in Frameworks */ = {isa = PBXBuildFile; productRef = 00175FA72C11E6B200D77BB6 /* Kingfisher */; };
		00175FAB2C11EC4D00D77BB6 /* CustomNavigationView.swift in Sources */ = {isa = PBXBuildFile; fileRef = 00175FAA2C11EC4D00D77BB6 /* CustomNavigationView.swift */; };
		003108AA2C1AC3E200082651 /* KakaoSDKAuth in Frameworks */ = {isa = PBXBuildFile; productRef = 003108A92C1AC3E200082651 /* KakaoSDKAuth */; };
		003108AC2C1AC3E200082651 /* KakaoSDKUser in Frameworks */ = {isa = PBXBuildFile; productRef = 003108AB2C1AC3E200082651 /* KakaoSDKUser */; };
		003108AF2C1ACE9800082651 /* OnboardingState.swift in Sources */ = {isa = PBXBuildFile; fileRef = 003108AE2C1ACE9800082651 /* OnboardingState.swift */; };
		003108B22C1ACEA800082651 /* OnboardingIntent.swift in Sources */ = {isa = PBXBuildFile; fileRef = 003108B12C1ACEA800082651 /* OnboardingIntent.swift */; };
		003108B52C1AD0AE00082651 /* LoginWithKakaTalk.swift in Sources */ = {isa = PBXBuildFile; fileRef = 003108B42C1AD0AE00082651 /* LoginWithKakaTalk.swift */; };
		003108B82C1AF20F00082651 /* LoginWithAppleID.swift in Sources */ = {isa = PBXBuildFile; fileRef = 003108B72C1AF20F00082651 /* LoginWithAppleID.swift */; };
		0037D87B2C0EF11A00C24E7B /* MyBitApp.swift in Sources */ = {isa = PBXBuildFile; fileRef = 0037D87A2C0EF11A00C24E7B /* MyBitApp.swift */; };
		0037D87F2C0EF11B00C24E7B /* Assets.xcassets in Resources */ = {isa = PBXBuildFile; fileRef = 0037D87E2C0EF11B00C24E7B /* Assets.xcassets */; };
		0037D8822C0EF11B00C24E7B /* Preview Assets.xcassets in Resources */ = {isa = PBXBuildFile; fileRef = 0037D8812C0EF11B00C24E7B /* Preview Assets.xcassets */; };
		00670F1E2C14223E0048ECD9 /* FavoriteState.swift in Sources */ = {isa = PBXBuildFile; fileRef = 00670F1D2C14223E0048ECD9 /* FavoriteState.swift */; };
		00670F202C1422480048ECD9 /* FavoriteIntent.swift in Sources */ = {isa = PBXBuildFile; fileRef = 00670F1F2C1422480048ECD9 /* FavoriteIntent.swift */; };
		00670F232C1488A00048ECD9 /* ExchangeView.swift in Sources */ = {isa = PBXBuildFile; fileRef = 00670F222C1488A00048ECD9 /* ExchangeView.swift */; };
		00670F252C1495D90048ECD9 /* WebSocketManager.swift in Sources */ = {isa = PBXBuildFile; fileRef = 00670F242C1495D90048ECD9 /* WebSocketManager.swift */; };
		00670F272C1496150048ECD9 /* Ticker.swift in Sources */ = {isa = PBXBuildFile; fileRef = 00670F262C1496150048ECD9 /* Ticker.swift */; };
		00670F292C1496240048ECD9 /* ExchangeState.swift in Sources */ = {isa = PBXBuildFile; fileRef = 00670F282C1496240048ECD9 /* ExchangeState.swift */; };
		00670F2B2C14962D0048ECD9 /* ExchangeIntent.swift in Sources */ = {isa = PBXBuildFile; fileRef = 00670F2A2C14962D0048ECD9 /* ExchangeIntent.swift */; };
		00670F2D2C149C7E0048ECD9 /* CurrentPrice.swift in Sources */ = {isa = PBXBuildFile; fileRef = 00670F2C2C149C7E0048ECD9 /* CurrentPrice.swift */; };
		00670F312C149CE50048ECD9 /* UpbitService.swift in Sources */ = {isa = PBXBuildFile; fileRef = 00670F302C149CE50048ECD9 /* UpbitService.swift */; };
		00670F332C149EE60048ECD9 /* UpbitManager.swift in Sources */ = {isa = PBXBuildFile; fileRef = 00670F322C149EE60048ECD9 /* UpbitManager.swift */; };
		00670F352C14A0EE0048ECD9 /* MarketCode.swift in Sources */ = {isa = PBXBuildFile; fileRef = 00670F342C14A0EE0048ECD9 /* MarketCode.swift */; };
		006F01132C17E8870053E118 /* NavigationBarForCreatingNewFeature.swift in Sources */ = {isa = PBXBuildFile; fileRef = 006F01122C17E8870053E118 /* NavigationBarForCreatingNewFeature.swift */; };
		006F01162C17E9300053E118 /* LoginView.swift in Sources */ = {isa = PBXBuildFile; fileRef = 006F01152C17E9300053E118 /* LoginView.swift */; };
		006F01192C17E9410053E118 /* LoginState.swift in Sources */ = {isa = PBXBuildFile; fileRef = 006F01182C17E9410053E118 /* LoginState.swift */; };
		006F011B2C17EBAA0053E118 /* LoginIntent.swift in Sources */ = {isa = PBXBuildFile; fileRef = 006F011A2C17EBAA0053E118 /* LoginIntent.swift */; };
		006F01212C1821250053E118 /* IntentType.swift in Sources */ = {isa = PBXBuildFile; fileRef = 006F01202C1821250053E118 /* IntentType.swift */; };
		006F01252C186C420053E118 /* UserService.swift in Sources */ = {isa = PBXBuildFile; fileRef = 006F01242C186C420053E118 /* UserService.swift */; };
		006F012A2C186FB20053E118 /* UserManager.swift in Sources */ = {isa = PBXBuildFile; fileRef = 006F01292C186FB20053E118 /* UserManager.swift */; };
		006F01342C1880D00053E118 /* EmailValidation.swift in Sources */ = {isa = PBXBuildFile; fileRef = 006F01332C1880D00053E118 /* EmailValidation.swift */; };
		0072D9612C1BE8F70092DBA9 /* ProfileState.swift in Sources */ = {isa = PBXBuildFile; fileRef = 0072D9602C1BE8F70092DBA9 /* ProfileState.swift */; };
		0072D9632C1BEACA0092DBA9 /* ProfileIntent.swift in Sources */ = {isa = PBXBuildFile; fileRef = 0072D9622C1BEACA0092DBA9 /* ProfileIntent.swift */; };
		0072D9652C1C017F0092DBA9 /* MyProfileInfo.swift in Sources */ = {isa = PBXBuildFile; fileRef = 0072D9642C1C017F0092DBA9 /* MyProfileInfo.swift */; };
		0072D9682C1C0B800092DBA9 /* SocialLoginLogo.swift in Sources */ = {isa = PBXBuildFile; fileRef = 0072D9672C1C0B800092DBA9 /* SocialLoginLogo.swift */; };
		0072D96C2C1C1CA40092DBA9 /* EditProfileView.swift in Sources */ = {isa = PBXBuildFile; fileRef = 0072D96B2C1C1CA40092DBA9 /* EditProfileView.swift */; };
		0072D96F2C1C21E40092DBA9 /* EditProfileState.swift in Sources */ = {isa = PBXBuildFile; fileRef = 0072D96E2C1C21E40092DBA9 /* EditProfileState.swift */; };
		0072D9712C1C21F00092DBA9 /* EditProfileIntent.swift in Sources */ = {isa = PBXBuildFile; fileRef = 0072D9702C1C21F00092DBA9 /* EditProfileIntent.swift */; };
		0072D9732C1C22F80092DBA9 /* EditMyProfile.swift in Sources */ = {isa = PBXBuildFile; fileRef = 0072D9722C1C22F80092DBA9 /* EditMyProfile.swift */; };
		0072D97A2C1C2C820092DBA9 /* InputKind.swift in Sources */ = {isa = PBXBuildFile; fileRef = 0072D9792C1C2C820092DBA9 /* InputKind.swift */; };
		0072D97C2C1C40780092DBA9 /* EditProfileInputType.swift in Sources */ = {isa = PBXBuildFile; fileRef = 0072D97B2C1C40780092DBA9 /* EditProfileInputType.swift */; };
		008889C42C15C3EB008619A8 /* BitcoinChangeModifier.swift in Sources */ = {isa = PBXBuildFile; fileRef = 008889C32C15C3EB008619A8 /* BitcoinChangeModifier.swift */; };
		008889C92C160AA9008619A8 /* SplashView.swift in Sources */ = {isa = PBXBuildFile; fileRef = 008889C82C160AA9008619A8 /* SplashView.swift */; };
		008889CC2C160AE8008619A8 /* LaunchScreenView.swift in Sources */ = {isa = PBXBuildFile; fileRef = 008889CB2C160AE8008619A8 /* LaunchScreenView.swift */; };
		008889CE2C160B61008619A8 /* OnboardingView.swift in Sources */ = {isa = PBXBuildFile; fileRef = 008889CD2C160B61008619A8 /* OnboardingView.swift */; };
		00A6C2E52C214697009D5E90 /* ErrorCode.swift in Sources */ = {isa = PBXBuildFile; fileRef = 00A6C2E42C214697009D5E90 /* ErrorCode.swift */; };
		00A6C2E72C214B19009D5E90 /* RefreshedToken.swift in Sources */ = {isa = PBXBuildFile; fileRef = 00A6C2E62C214B19009D5E90 /* RefreshedToken.swift */; };
		00A6C2EA2C216015009D5E90 /* AppIntent.swift in Sources */ = {isa = PBXBuildFile; fileRef = 00A6C2E92C216015009D5E90 /* AppIntent.swift */; };
		00A6C2EC2C216073009D5E90 /* AppState.swift in Sources */ = {isa = PBXBuildFile; fileRef = 00A6C2EB2C216073009D5E90 /* AppState.swift */; };
		00A6C2F02C21626A009D5E90 /* NSNotificationName+Ext.swift in Sources */ = {isa = PBXBuildFile; fileRef = 00A6C2EF2C21626A009D5E90 /* NSNotificationName+Ext.swift */; };
		00ABCADC2C12C4820098CB84 /* Array+Ext.swift in Sources */ = {isa = PBXBuildFile; fileRef = 00ABCADB2C12C4820098CB84 /* Array+Ext.swift */; };
		00ABCADE2C12D1340098CB84 /* ItemEssentialElements.swift in Sources */ = {isa = PBXBuildFile; fileRef = 00ABCADD2C12D1340098CB84 /* ItemEssentialElements.swift */; };
		00ABCAE02C12D4170098CB84 /* TrendingRankingType.swift in Sources */ = {isa = PBXBuildFile; fileRef = 00ABCADF2C12D4170098CB84 /* TrendingRankingType.swift */; };
		00ABCAE32C12DABD0098CB84 /* Double+Ext.swift in Sources */ = {isa = PBXBuildFile; fileRef = 00ABCAE22C12DABD0098CB84 /* Double+Ext.swift */; };
		00ABCAE72C12EE4A0098CB84 /* FavoriteStarView.swift in Sources */ = {isa = PBXBuildFile; fileRef = 00ABCAE62C12EE4A0098CB84 /* FavoriteStarView.swift */; };
		00ABCAEA2C1302460098CB84 /* DGCharts in Frameworks */ = {isa = PBXBuildFile; productRef = 00ABCAE92C1302460098CB84 /* DGCharts */; };
		00ABCAED2C1303C20098CB84 /* ChartView.swift in Sources */ = {isa = PBXBuildFile; fileRef = 00ABCAEC2C1303C20098CB84 /* ChartView.swift */; };
		00ABCAEF2C1334130098CB84 /* String+Ext.swift in Sources */ = {isa = PBXBuildFile; fileRef = 00ABCAEE2C1334130098CB84 /* String+Ext.swift */; };
		00ABCAFC2C13381A0098CB84 /* RealmSwift in Frameworks */ = {isa = PBXBuildFile; productRef = 00ABCAFB2C13381A0098CB84 /* RealmSwift */; };
		00ABCAFD2C1338390098CB84 /* RealmSwift in Embed Frameworks */ = {isa = PBXBuildFile; productRef = 00ABCAFB2C13381A0098CB84 /* RealmSwift */; settings = {ATTRIBUTES = (CodeSignOnCopy, ); }; };
		00ABCB002C1339270098CB84 /* RepositoryType.swift in Sources */ = {isa = PBXBuildFile; fileRef = 00ABCAFF2C1339270098CB84 /* RepositoryType.swift */; };
		00ABCB062C1339960098CB84 /* FavoriteRepository.swift in Sources */ = {isa = PBXBuildFile; fileRef = 00ABCB052C1339960098CB84 /* FavoriteRepository.swift */; };
		00ABCB092C1339C20098CB84 /* Favorite.swift in Sources */ = {isa = PBXBuildFile; fileRef = 00ABCB082C1339C20098CB84 /* Favorite.swift */; };
		00BCD6912C1EB6D500A2931A /* PhotoPicker.swift in Sources */ = {isa = PBXBuildFile; fileRef = 00BCD6902C1EB6D500A2931A /* PhotoPicker.swift */; };
		00BCD6942C1EC43400A2931A /* ProfilePhotoView.swift in Sources */ = {isa = PBXBuildFile; fileRef = 00BCD6932C1EC43400A2931A /* ProfilePhotoView.swift */; };
		00BCD69C2C1EE08000A2931A /* Kingisher+Ext.swift in Sources */ = {isa = PBXBuildFile; fileRef = 00BCD69B2C1EE08000A2931A /* Kingisher+Ext.swift */; };
		00BCD69E2C1EE0B700A2931A /* ProfileImageView.swift in Sources */ = {isa = PBXBuildFile; fileRef = 00BCD69D2C1EE0B700A2931A /* ProfileImageView.swift */; };
		00BCD6A02C1EFCAC00A2931A /* Headers.swift in Sources */ = {isa = PBXBuildFile; fileRef = 00BCD69F2C1EFCAC00A2931A /* Headers.swift */; };
		00BF1E702C11742000BCCFC8 /* Search.swift in Sources */ = {isa = PBXBuildFile; fileRef = 00BF1E6F2C11742000BCCFC8 /* Search.swift */; };
		00BF1E722C1174CF00BCCFC8 /* SearchView.swift in Sources */ = {isa = PBXBuildFile; fileRef = 00BF1E712C1174CF00BCCFC8 /* SearchView.swift */; };
		00BF1E742C1174D600BCCFC8 /* SearchState.swift in Sources */ = {isa = PBXBuildFile; fileRef = 00BF1E732C1174D600BCCFC8 /* SearchState.swift */; };
		00BF1E762C1174DE00BCCFC8 /* SearchIntent.swift in Sources */ = {isa = PBXBuildFile; fileRef = 00BF1E752C1174DE00BCCFC8 /* SearchIntent.swift */; };
		00BF1E7C2C1176BF00BCCFC8 /* StateType.swift in Sources */ = {isa = PBXBuildFile; fileRef = 00BF1E7B2C1176BF00BCCFC8 /* StateType.swift */; };
		00BF1E7E2C117E0200BCCFC8 /* Market.swift in Sources */ = {isa = PBXBuildFile; fileRef = 00BF1E7D2C117E0200BCCFC8 /* Market.swift */; };
		00BF1E812C117FBE00BCCFC8 /* DetailView.swift in Sources */ = {isa = PBXBuildFile; fileRef = 00BF1E802C117FBE00BCCFC8 /* DetailView.swift */; };
		00BF1E832C117FC900BCCFC8 /* DetailState.swift in Sources */ = {isa = PBXBuildFile; fileRef = 00BF1E822C117FC900BCCFC8 /* DetailState.swift */; };
		00BF1E852C117FD000BCCFC8 /* DetailIntent.swift in Sources */ = {isa = PBXBuildFile; fileRef = 00BF1E842C117FD000BCCFC8 /* DetailIntent.swift */; };
		00BF1E892C1185CB00BCCFC8 /* MyBitTabView.swift in Sources */ = {isa = PBXBuildFile; fileRef = 00BF1E882C1185CB00BCCFC8 /* MyBitTabView.swift */; };
		00BF1E8C2C11872300BCCFC8 /* FavoriteView.swift in Sources */ = {isa = PBXBuildFile; fileRef = 00BF1E8B2C11872300BCCFC8 /* FavoriteView.swift */; };
		00BF1E8E2C11873400BCCFC8 /* ProfileView.swift in Sources */ = {isa = PBXBuildFile; fileRef = 00BF1E8D2C11873400BCCFC8 /* ProfileView.swift */; };
		00D0EA992C16A52E00622339 /* SplashTopView.swift in Sources */ = {isa = PBXBuildFile; fileRef = 00D0EA982C16A52E00622339 /* SplashTopView.swift */; };
		00D0EA9C2C16AC7200622339 /* ContentView.swift in Sources */ = {isa = PBXBuildFile; fileRef = 00D0EA9B2C16AC7200622339 /* ContentView.swift */; };
		00D0EA9F2C16B27D00622339 /* BottomSheetView.swift in Sources */ = {isa = PBXBuildFile; fileRef = 00D0EA9E2C16B27D00622339 /* BottomSheetView.swift */; };
		00D0EAA12C16C54900622339 /* RoundedCorner.swift in Sources */ = {isa = PBXBuildFile; fileRef = 00D0EAA02C16C54900622339 /* RoundedCorner.swift */; };
		00D0EAA52C16CF4A00622339 /* CustomButton.swift in Sources */ = {isa = PBXBuildFile; fileRef = 00D0EAA42C16CF4A00622339 /* CustomButton.swift */; };
		00D0EAA72C16D41F00622339 /* BottomButtonModifier.swift in Sources */ = {isa = PBXBuildFile; fileRef = 00D0EAA62C16D41F00622339 /* BottomButtonModifier.swift */; };
		00D0EAAA2C16DB7B00622339 /* SignUpView.swift in Sources */ = {isa = PBXBuildFile; fileRef = 00D0EAA92C16DB7B00622339 /* SignUpView.swift */; };
		00D0EAAC2C16EA3900622339 /* SignUpState.swift in Sources */ = {isa = PBXBuildFile; fileRef = 00D0EAAB2C16EA3900622339 /* SignUpState.swift */; };
		00D0EAAE2C16EA4100622339 /* SignUpIntent.swift in Sources */ = {isa = PBXBuildFile; fileRef = 00D0EAAD2C16EA4100622339 /* SignUpIntent.swift */; };
		00D0EAB02C16FAA700622339 /* BottomViewGrabber.swift in Sources */ = {isa = PBXBuildFile; fileRef = 00D0EAAF2C16FAA700622339 /* BottomViewGrabber.swift */; };
		00D0EAB22C17064F00622339 /* InputView.swift in Sources */ = {isa = PBXBuildFile; fileRef = 00D0EAB12C17064F00622339 /* InputView.swift */; };
		00FCDB0A2C22EC0700F9A453 /* TokenRefresher.swift in Sources */ = {isa = PBXBuildFile; fileRef = 00FCDB092C22EC0700F9A453 /* TokenRefresher.swift */; };
/* End PBXBuildFile section */

/* Begin PBXCopyFilesBuildPhase section */
		00ABCAFE2C1338390098CB84 /* Embed Frameworks */ = {
			isa = PBXCopyFilesBuildPhase;
			buildActionMask = 2147483647;
			dstPath = "";
			dstSubfolderSpec = 10;
			files = (
				00ABCAFD2C1338390098CB84 /* RealmSwift in Embed Frameworks */,
			);
			name = "Embed Frameworks";
			runOnlyForDeploymentPostprocessing = 0;
		};
/* End PBXCopyFilesBuildPhase section */

/* Begin PBXFileReference section */
		0006CE242C0F055C00BA213A /* CoingeckoService.swift */ = {isa = PBXFileReference; lastKnownFileType = sourcecode.swift; path = CoingeckoService.swift; sourceTree = "<group>"; };
		0006CE262C0F068100BA213A /* APIKeys.swift */ = {isa = PBXFileReference; lastKnownFileType = sourcecode.swift; path = APIKeys.swift; sourceTree = "<group>"; };
		0006CE292C0F08A500BA213A /* Trending.swift */ = {isa = PBXFileReference; lastKnownFileType = sourcecode.swift; path = Trending.swift; sourceTree = "<group>"; };
		0006CE2B2C0F0A8400BA213A /* CoingeckoManager.swift */ = {isa = PBXFileReference; lastKnownFileType = sourcecode.swift; path = CoingeckoManager.swift; sourceTree = "<group>"; };
		0006CE2D2C0F13E900BA213A /* NetworkErrors.swift */ = {isa = PBXFileReference; lastKnownFileType = sourcecode.swift; path = NetworkErrors.swift; sourceTree = "<group>"; };
		0006CE2F2C0F170100BA213A /* TrendingView.swift */ = {isa = PBXFileReference; lastKnownFileType = sourcecode.swift; path = TrendingView.swift; sourceTree = "<group>"; };
		0006CE312C0F17BA00BA213A /* TrendingState.swift */ = {isa = PBXFileReference; lastKnownFileType = sourcecode.swift; path = TrendingState.swift; sourceTree = "<group>"; };
		0006CE332C0F19FE00BA213A /* TrendingIntent.swift */ = {isa = PBXFileReference; lastKnownFileType = sourcecode.swift; path = TrendingIntent.swift; sourceTree = "<group>"; };
		000FAF162C1951C4005DD853 /* LoggingPlugin.swift */ = {isa = PBXFileReference; lastKnownFileType = sourcecode.swift; path = LoggingPlugin.swift; sourceTree = "<group>"; };
		000FAF182C1951E5005DD853 /* Data+Ext.swift */ = {isa = PBXFileReference; lastKnownFileType = sourcecode.swift; path = "Data+Ext.swift"; sourceTree = "<group>"; };
		000FAF1A2C19A63B005DD853 /* Join.swift */ = {isa = PBXFileReference; lastKnownFileType = sourcecode.swift; path = Join.swift; sourceTree = "<group>"; };
		000FAF1C2C19A6EF005DD853 /* UserInfo.swift */ = {isa = PBXFileReference; lastKnownFileType = sourcecode.swift; path = UserInfo.swift; sourceTree = "<group>"; };
		000FAF1E2C19DDED005DD853 /* Login.swift */ = {isa = PBXFileReference; lastKnownFileType = sourcecode.swift; path = Login.swift; sourceTree = "<group>"; };
		000FAF202C19F94A005DD853 /* KeychainManager.swift */ = {isa = PBXFileReference; lastKnownFileType = sourcecode.swift; path = KeychainManager.swift; sourceTree = "<group>"; };
		00175FAA2C11EC4D00D77BB6 /* CustomNavigationView.swift */ = {isa = PBXFileReference; lastKnownFileType = sourcecode.swift; path = CustomNavigationView.swift; sourceTree = "<group>"; };
		003108AE2C1ACE9800082651 /* OnboardingState.swift */ = {isa = PBXFileReference; lastKnownFileType = sourcecode.swift; path = OnboardingState.swift; sourceTree = "<group>"; };
		003108B12C1ACEA800082651 /* OnboardingIntent.swift */ = {isa = PBXFileReference; lastKnownFileType = sourcecode.swift; path = OnboardingIntent.swift; sourceTree = "<group>"; };
		003108B42C1AD0AE00082651 /* LoginWithKakaTalk.swift */ = {isa = PBXFileReference; lastKnownFileType = sourcecode.swift; path = LoginWithKakaTalk.swift; sourceTree = "<group>"; };
		003108B62C1AE08400082651 /* MyBit.entitlements */ = {isa = PBXFileReference; lastKnownFileType = text.plist.entitlements; path = MyBit.entitlements; sourceTree = "<group>"; };
		003108B72C1AF20F00082651 /* LoginWithAppleID.swift */ = {isa = PBXFileReference; lastKnownFileType = sourcecode.swift; path = LoginWithAppleID.swift; sourceTree = "<group>"; };
		0037D8772C0EF11A00C24E7B /* MyBit.app */ = {isa = PBXFileReference; explicitFileType = wrapper.application; includeInIndex = 0; path = MyBit.app; sourceTree = BUILT_PRODUCTS_DIR; };
		0037D87A2C0EF11A00C24E7B /* MyBitApp.swift */ = {isa = PBXFileReference; lastKnownFileType = sourcecode.swift; path = MyBitApp.swift; sourceTree = "<group>"; };
		0037D87E2C0EF11B00C24E7B /* Assets.xcassets */ = {isa = PBXFileReference; lastKnownFileType = folder.assetcatalog; path = Assets.xcassets; sourceTree = "<group>"; };
		0037D8812C0EF11B00C24E7B /* Preview Assets.xcassets */ = {isa = PBXFileReference; lastKnownFileType = folder.assetcatalog; path = "Preview Assets.xcassets"; sourceTree = "<group>"; };
		00670F1D2C14223E0048ECD9 /* FavoriteState.swift */ = {isa = PBXFileReference; lastKnownFileType = sourcecode.swift; path = FavoriteState.swift; sourceTree = "<group>"; };
		00670F1F2C1422480048ECD9 /* FavoriteIntent.swift */ = {isa = PBXFileReference; lastKnownFileType = sourcecode.swift; path = FavoriteIntent.swift; sourceTree = "<group>"; };
		00670F222C1488A00048ECD9 /* ExchangeView.swift */ = {isa = PBXFileReference; lastKnownFileType = sourcecode.swift; path = ExchangeView.swift; sourceTree = "<group>"; };
		00670F242C1495D90048ECD9 /* WebSocketManager.swift */ = {isa = PBXFileReference; lastKnownFileType = sourcecode.swift; path = WebSocketManager.swift; sourceTree = "<group>"; };
		00670F262C1496150048ECD9 /* Ticker.swift */ = {isa = PBXFileReference; lastKnownFileType = sourcecode.swift; path = Ticker.swift; sourceTree = "<group>"; };
		00670F282C1496240048ECD9 /* ExchangeState.swift */ = {isa = PBXFileReference; lastKnownFileType = sourcecode.swift; path = ExchangeState.swift; sourceTree = "<group>"; };
		00670F2A2C14962D0048ECD9 /* ExchangeIntent.swift */ = {isa = PBXFileReference; lastKnownFileType = sourcecode.swift; path = ExchangeIntent.swift; sourceTree = "<group>"; };
		00670F2C2C149C7E0048ECD9 /* CurrentPrice.swift */ = {isa = PBXFileReference; lastKnownFileType = sourcecode.swift; path = CurrentPrice.swift; sourceTree = "<group>"; };
		00670F302C149CE50048ECD9 /* UpbitService.swift */ = {isa = PBXFileReference; lastKnownFileType = sourcecode.swift; path = UpbitService.swift; sourceTree = "<group>"; };
		00670F322C149EE60048ECD9 /* UpbitManager.swift */ = {isa = PBXFileReference; lastKnownFileType = sourcecode.swift; path = UpbitManager.swift; sourceTree = "<group>"; };
		00670F342C14A0EE0048ECD9 /* MarketCode.swift */ = {isa = PBXFileReference; lastKnownFileType = sourcecode.swift; path = MarketCode.swift; sourceTree = "<group>"; };
		006F01122C17E8870053E118 /* NavigationBarForCreatingNewFeature.swift */ = {isa = PBXFileReference; lastKnownFileType = sourcecode.swift; path = NavigationBarForCreatingNewFeature.swift; sourceTree = "<group>"; };
		006F01152C17E9300053E118 /* LoginView.swift */ = {isa = PBXFileReference; lastKnownFileType = sourcecode.swift; path = LoginView.swift; sourceTree = "<group>"; };
		006F01182C17E9410053E118 /* LoginState.swift */ = {isa = PBXFileReference; lastKnownFileType = sourcecode.swift; path = LoginState.swift; sourceTree = "<group>"; };
		006F011A2C17EBAA0053E118 /* LoginIntent.swift */ = {isa = PBXFileReference; lastKnownFileType = sourcecode.swift; path = LoginIntent.swift; sourceTree = "<group>"; };
		006F01202C1821250053E118 /* IntentType.swift */ = {isa = PBXFileReference; lastKnownFileType = sourcecode.swift; path = IntentType.swift; sourceTree = "<group>"; };
		006F01242C186C420053E118 /* UserService.swift */ = {isa = PBXFileReference; lastKnownFileType = sourcecode.swift; path = UserService.swift; sourceTree = "<group>"; };
		006F01292C186FB20053E118 /* UserManager.swift */ = {isa = PBXFileReference; lastKnownFileType = sourcecode.swift; path = UserManager.swift; sourceTree = "<group>"; };
		006F01332C1880D00053E118 /* EmailValidation.swift */ = {isa = PBXFileReference; lastKnownFileType = sourcecode.swift; path = EmailValidation.swift; sourceTree = "<group>"; };
		0072D9602C1BE8F70092DBA9 /* ProfileState.swift */ = {isa = PBXFileReference; lastKnownFileType = sourcecode.swift; path = ProfileState.swift; sourceTree = "<group>"; };
		0072D9622C1BEACA0092DBA9 /* ProfileIntent.swift */ = {isa = PBXFileReference; lastKnownFileType = sourcecode.swift; path = ProfileIntent.swift; sourceTree = "<group>"; };
		0072D9642C1C017F0092DBA9 /* MyProfileInfo.swift */ = {isa = PBXFileReference; lastKnownFileType = sourcecode.swift; path = MyProfileInfo.swift; sourceTree = "<group>"; };
		0072D9672C1C0B800092DBA9 /* SocialLoginLogo.swift */ = {isa = PBXFileReference; lastKnownFileType = sourcecode.swift; path = SocialLoginLogo.swift; sourceTree = "<group>"; };
		0072D96B2C1C1CA40092DBA9 /* EditProfileView.swift */ = {isa = PBXFileReference; lastKnownFileType = sourcecode.swift; path = EditProfileView.swift; sourceTree = "<group>"; };
		0072D96E2C1C21E40092DBA9 /* EditProfileState.swift */ = {isa = PBXFileReference; lastKnownFileType = sourcecode.swift; path = EditProfileState.swift; sourceTree = "<group>"; };
		0072D9702C1C21F00092DBA9 /* EditProfileIntent.swift */ = {isa = PBXFileReference; lastKnownFileType = sourcecode.swift; path = EditProfileIntent.swift; sourceTree = "<group>"; };
		0072D9722C1C22F80092DBA9 /* EditMyProfile.swift */ = {isa = PBXFileReference; lastKnownFileType = sourcecode.swift; path = EditMyProfile.swift; sourceTree = "<group>"; };
		0072D9792C1C2C820092DBA9 /* InputKind.swift */ = {isa = PBXFileReference; lastKnownFileType = sourcecode.swift; path = InputKind.swift; sourceTree = "<group>"; };
		0072D97B2C1C40780092DBA9 /* EditProfileInputType.swift */ = {isa = PBXFileReference; lastKnownFileType = sourcecode.swift; path = EditProfileInputType.swift; sourceTree = "<group>"; };
		008889C32C15C3EB008619A8 /* BitcoinChangeModifier.swift */ = {isa = PBXFileReference; lastKnownFileType = sourcecode.swift; path = BitcoinChangeModifier.swift; sourceTree = "<group>"; };
		008889C82C160AA9008619A8 /* SplashView.swift */ = {isa = PBXFileReference; lastKnownFileType = sourcecode.swift; path = SplashView.swift; sourceTree = "<group>"; };
		008889CB2C160AE8008619A8 /* LaunchScreenView.swift */ = {isa = PBXFileReference; lastKnownFileType = sourcecode.swift; path = LaunchScreenView.swift; sourceTree = "<group>"; };
		008889CD2C160B61008619A8 /* OnboardingView.swift */ = {isa = PBXFileReference; lastKnownFileType = sourcecode.swift; path = OnboardingView.swift; sourceTree = "<group>"; };
		00A6C2E42C214697009D5E90 /* ErrorCode.swift */ = {isa = PBXFileReference; lastKnownFileType = sourcecode.swift; path = ErrorCode.swift; sourceTree = "<group>"; };
		00A6C2E62C214B19009D5E90 /* RefreshedToken.swift */ = {isa = PBXFileReference; lastKnownFileType = sourcecode.swift; path = RefreshedToken.swift; sourceTree = "<group>"; };
		00A6C2E92C216015009D5E90 /* AppIntent.swift */ = {isa = PBXFileReference; lastKnownFileType = sourcecode.swift; path = AppIntent.swift; sourceTree = "<group>"; };
		00A6C2EB2C216073009D5E90 /* AppState.swift */ = {isa = PBXFileReference; lastKnownFileType = sourcecode.swift; path = AppState.swift; sourceTree = "<group>"; };
		00A6C2EF2C21626A009D5E90 /* NSNotificationName+Ext.swift */ = {isa = PBXFileReference; lastKnownFileType = sourcecode.swift; path = "NSNotificationName+Ext.swift"; sourceTree = "<group>"; };
		00ABCADB2C12C4820098CB84 /* Array+Ext.swift */ = {isa = PBXFileReference; lastKnownFileType = sourcecode.swift; path = "Array+Ext.swift"; sourceTree = "<group>"; };
		00ABCADD2C12D1340098CB84 /* ItemEssentialElements.swift */ = {isa = PBXFileReference; lastKnownFileType = sourcecode.swift; path = ItemEssentialElements.swift; sourceTree = "<group>"; };
		00ABCADF2C12D4170098CB84 /* TrendingRankingType.swift */ = {isa = PBXFileReference; lastKnownFileType = sourcecode.swift; path = TrendingRankingType.swift; sourceTree = "<group>"; };
		00ABCAE22C12DABD0098CB84 /* Double+Ext.swift */ = {isa = PBXFileReference; lastKnownFileType = sourcecode.swift; path = "Double+Ext.swift"; sourceTree = "<group>"; };
		00ABCAE62C12EE4A0098CB84 /* FavoriteStarView.swift */ = {isa = PBXFileReference; lastKnownFileType = sourcecode.swift; path = FavoriteStarView.swift; sourceTree = "<group>"; };
		00ABCAEC2C1303C20098CB84 /* ChartView.swift */ = {isa = PBXFileReference; lastKnownFileType = sourcecode.swift; path = ChartView.swift; sourceTree = "<group>"; };
		00ABCAEE2C1334130098CB84 /* String+Ext.swift */ = {isa = PBXFileReference; lastKnownFileType = sourcecode.swift; path = "String+Ext.swift"; sourceTree = "<group>"; };
		00ABCAFF2C1339270098CB84 /* RepositoryType.swift */ = {isa = PBXFileReference; lastKnownFileType = sourcecode.swift; path = RepositoryType.swift; sourceTree = "<group>"; };
		00ABCB052C1339960098CB84 /* FavoriteRepository.swift */ = {isa = PBXFileReference; lastKnownFileType = sourcecode.swift; path = FavoriteRepository.swift; sourceTree = "<group>"; };
		00ABCB082C1339C20098CB84 /* Favorite.swift */ = {isa = PBXFileReference; lastKnownFileType = sourcecode.swift; path = Favorite.swift; sourceTree = "<group>"; };
		00BCD6902C1EB6D500A2931A /* PhotoPicker.swift */ = {isa = PBXFileReference; lastKnownFileType = sourcecode.swift; path = PhotoPicker.swift; sourceTree = "<group>"; };
		00BCD6932C1EC43400A2931A /* ProfilePhotoView.swift */ = {isa = PBXFileReference; lastKnownFileType = sourcecode.swift; path = ProfilePhotoView.swift; sourceTree = "<group>"; };
		00BCD69B2C1EE08000A2931A /* Kingisher+Ext.swift */ = {isa = PBXFileReference; lastKnownFileType = sourcecode.swift; path = "Kingisher+Ext.swift"; sourceTree = "<group>"; };
		00BCD69D2C1EE0B700A2931A /* ProfileImageView.swift */ = {isa = PBXFileReference; lastKnownFileType = sourcecode.swift; path = ProfileImageView.swift; sourceTree = "<group>"; };
		00BCD69F2C1EFCAC00A2931A /* Headers.swift */ = {isa = PBXFileReference; lastKnownFileType = sourcecode.swift; path = Headers.swift; sourceTree = "<group>"; };
		00BF1E6F2C11742000BCCFC8 /* Search.swift */ = {isa = PBXFileReference; lastKnownFileType = sourcecode.swift; path = Search.swift; sourceTree = "<group>"; };
		00BF1E712C1174CF00BCCFC8 /* SearchView.swift */ = {isa = PBXFileReference; lastKnownFileType = sourcecode.swift; path = SearchView.swift; sourceTree = "<group>"; };
		00BF1E732C1174D600BCCFC8 /* SearchState.swift */ = {isa = PBXFileReference; lastKnownFileType = sourcecode.swift; path = SearchState.swift; sourceTree = "<group>"; };
		00BF1E752C1174DE00BCCFC8 /* SearchIntent.swift */ = {isa = PBXFileReference; lastKnownFileType = sourcecode.swift; path = SearchIntent.swift; sourceTree = "<group>"; };
		00BF1E7B2C1176BF00BCCFC8 /* StateType.swift */ = {isa = PBXFileReference; lastKnownFileType = sourcecode.swift; path = StateType.swift; sourceTree = "<group>"; };
		00BF1E7D2C117E0200BCCFC8 /* Market.swift */ = {isa = PBXFileReference; lastKnownFileType = sourcecode.swift; path = Market.swift; sourceTree = "<group>"; };
		00BF1E802C117FBE00BCCFC8 /* DetailView.swift */ = {isa = PBXFileReference; lastKnownFileType = sourcecode.swift; path = DetailView.swift; sourceTree = "<group>"; };
		00BF1E822C117FC900BCCFC8 /* DetailState.swift */ = {isa = PBXFileReference; lastKnownFileType = sourcecode.swift; path = DetailState.swift; sourceTree = "<group>"; };
		00BF1E842C117FD000BCCFC8 /* DetailIntent.swift */ = {isa = PBXFileReference; lastKnownFileType = sourcecode.swift; path = DetailIntent.swift; sourceTree = "<group>"; };
		00BF1E882C1185CB00BCCFC8 /* MyBitTabView.swift */ = {isa = PBXFileReference; lastKnownFileType = sourcecode.swift; path = MyBitTabView.swift; sourceTree = "<group>"; };
		00BF1E8B2C11872300BCCFC8 /* FavoriteView.swift */ = {isa = PBXFileReference; lastKnownFileType = sourcecode.swift; path = FavoriteView.swift; sourceTree = "<group>"; };
		00BF1E8D2C11873400BCCFC8 /* ProfileView.swift */ = {isa = PBXFileReference; lastKnownFileType = sourcecode.swift; path = ProfileView.swift; sourceTree = "<group>"; };
		00D0EA982C16A52E00622339 /* SplashTopView.swift */ = {isa = PBXFileReference; lastKnownFileType = sourcecode.swift; path = SplashTopView.swift; sourceTree = "<group>"; };
		00D0EA9B2C16AC7200622339 /* ContentView.swift */ = {isa = PBXFileReference; lastKnownFileType = sourcecode.swift; path = ContentView.swift; sourceTree = "<group>"; };
		00D0EA9E2C16B27D00622339 /* BottomSheetView.swift */ = {isa = PBXFileReference; lastKnownFileType = sourcecode.swift; path = BottomSheetView.swift; sourceTree = "<group>"; };
		00D0EAA02C16C54900622339 /* RoundedCorner.swift */ = {isa = PBXFileReference; lastKnownFileType = sourcecode.swift; path = RoundedCorner.swift; sourceTree = "<group>"; };
		00D0EAA42C16CF4A00622339 /* CustomButton.swift */ = {isa = PBXFileReference; lastKnownFileType = sourcecode.swift; path = CustomButton.swift; sourceTree = "<group>"; };
		00D0EAA62C16D41F00622339 /* BottomButtonModifier.swift */ = {isa = PBXFileReference; lastKnownFileType = sourcecode.swift; path = BottomButtonModifier.swift; sourceTree = "<group>"; };
		00D0EAA92C16DB7B00622339 /* SignUpView.swift */ = {isa = PBXFileReference; lastKnownFileType = sourcecode.swift; path = SignUpView.swift; sourceTree = "<group>"; };
		00D0EAAB2C16EA3900622339 /* SignUpState.swift */ = {isa = PBXFileReference; lastKnownFileType = sourcecode.swift; path = SignUpState.swift; sourceTree = "<group>"; };
		00D0EAAD2C16EA4100622339 /* SignUpIntent.swift */ = {isa = PBXFileReference; lastKnownFileType = sourcecode.swift; path = SignUpIntent.swift; sourceTree = "<group>"; };
		00D0EAAF2C16FAA700622339 /* BottomViewGrabber.swift */ = {isa = PBXFileReference; lastKnownFileType = sourcecode.swift; path = BottomViewGrabber.swift; sourceTree = "<group>"; };
		00D0EAB12C17064F00622339 /* InputView.swift */ = {isa = PBXFileReference; lastKnownFileType = sourcecode.swift; path = InputView.swift; sourceTree = "<group>"; };
		00FCDB092C22EC0700F9A453 /* TokenRefresher.swift */ = {isa = PBXFileReference; lastKnownFileType = sourcecode.swift; path = TokenRefresher.swift; sourceTree = "<group>"; };
/* End PBXFileReference section */

/* Begin PBXFrameworksBuildPhase section */
		0037D8742C0EF11A00C24E7B /* Frameworks */ = {
			isa = PBXFrameworksBuildPhase;
			buildActionMask = 2147483647;
			files = (
				00ABCAFC2C13381A0098CB84 /* RealmSwift in Frameworks */,
				00175FA82C11E6B200D77BB6 /* Kingfisher in Frameworks */,
				003108AC2C1AC3E200082651 /* KakaoSDKUser in Frameworks */,
				00ABCAEA2C1302460098CB84 /* DGCharts in Frameworks */,
				0006CE222C0F049900BA213A /* CombineMoya in Frameworks */,
				003108AA2C1AC3E200082651 /* KakaoSDKAuth in Frameworks */,
			);
			runOnlyForDeploymentPostprocessing = 0;
		};
/* End PBXFrameworksBuildPhase section */

/* Begin PBXGroup section */
		0006CE172C0EF2E200BA213A /* Scenes */ = {
			isa = PBXGroup;
			children = (
				00D0EA9A2C16AC6500622339 /* Content */,
				00A6C2E92C216015009D5E90 /* AppIntent.swift */,
				00A6C2EB2C216073009D5E90 /* AppState.swift */,
			);
			path = Scenes;
			sourceTree = "<group>";
		};
		0006CE182C0EF2EE00BA213A /* Trending */ = {
			isa = PBXGroup;
			children = (
				00ABCAE12C12D4CC0098CB84 /* Enum */,
				0006CE2F2C0F170100BA213A /* TrendingView.swift */,
				0006CE312C0F17BA00BA213A /* TrendingState.swift */,
				0006CE332C0F19FE00BA213A /* TrendingIntent.swift */,
			);
			path = Trending;
			sourceTree = "<group>";
		};
		0006CE192C0EF2F900BA213A /* Search */ = {
			isa = PBXGroup;
			children = (
				00BF1E712C1174CF00BCCFC8 /* SearchView.swift */,
				00BF1E732C1174D600BCCFC8 /* SearchState.swift */,
				00BF1E752C1174DE00BCCFC8 /* SearchIntent.swift */,
			);
			path = Search;
			sourceTree = "<group>";
		};
		0006CE1A2C0EF30500BA213A /* Favorite */ = {
			isa = PBXGroup;
			children = (
				00BF1E8B2C11872300BCCFC8 /* FavoriteView.swift */,
				00670F1D2C14223E0048ECD9 /* FavoriteState.swift */,
				00670F1F2C1422480048ECD9 /* FavoriteIntent.swift */,
			);
			path = Favorite;
			sourceTree = "<group>";
		};
		0006CE1B2C0EF30D00BA213A /* Profile */ = {
			isa = PBXGroup;
			children = (
				00BCD6922C1EC42900A2931A /* ProfilePhoto */,
				0072D96D2C1C21B90092DBA9 /* EditProfile */,
				00BF1E8D2C11873400BCCFC8 /* ProfileView.swift */,
				00BCD6932C1EC43400A2931A /* ProfilePhotoView.swift */,
				0072D9602C1BE8F70092DBA9 /* ProfileState.swift */,
				0072D9622C1BEACA0092DBA9 /* ProfileIntent.swift */,
			);
			path = Profile;
			sourceTree = "<group>";
		};
		0006CE232C0F053B00BA213A /* Network */ = {
			isa = PBXGroup;
			children = (
				000FAF162C1951C4005DD853 /* LoggingPlugin.swift */,
				00BCD69F2C1EFCAC00A2931A /* Headers.swift */,
				00ABCB072C1339B30098CB84 /* RepositoryModels */,
				00ABCB042C1339820098CB84 /* Repositories */,
				00ABCB032C1339790098CB84 /* Routers */,
				00ABCB012C13395F0098CB84 /* Managers */,
				00ABCB022C13396C0098CB84 /* Errors */,
				000FAF112C1930AC005DD853 /* RequestModels */,
				0006CE282C0F088C00BA213A /* ResponseModels */,
				00FCDB092C22EC0700F9A453 /* TokenRefresher.swift */,
			);
			path = Network;
			sourceTree = "<group>";
		};
		0006CE282C0F088C00BA213A /* ResponseModels */ = {
			isa = PBXGroup;
			children = (
				00A6C2E42C214697009D5E90 /* ErrorCode.swift */,
				006F01262C186F110053E118 /* User */,
				00670F2E2C149C850048ECD9 /* Coingecko */,
				00670F2F2C149C8C0048ECD9 /* Upbit */,
			);
			path = ResponseModels;
			sourceTree = "<group>";
		};
		000FAF112C1930AC005DD853 /* RequestModels */ = {
			isa = PBXGroup;
			children = (
				006F01322C1880AA0053E118 /* Bodies */,
			);
			path = RequestModels;
			sourceTree = "<group>";
		};
		00175FA92C11EC3C00D77BB6 /* CustomViews */ = {
			isa = PBXGroup;
			children = (
				00175FAA2C11EC4D00D77BB6 /* CustomNavigationView.swift */,
				00ABCAE62C12EE4A0098CB84 /* FavoriteStarView.swift */,
				00D0EAA42C16CF4A00622339 /* CustomButton.swift */,
				00D0EAAF2C16FAA700622339 /* BottomViewGrabber.swift */,
				00D0EAB12C17064F00622339 /* InputView.swift */,
				006F01122C17E8870053E118 /* NavigationBarForCreatingNewFeature.swift */,
			);
			path = CustomViews;
			sourceTree = "<group>";
		};
		003108AD2C1ACE8200082651 /* Onboarding */ = {
			isa = PBXGroup;
			children = (
				008889CD2C160B61008619A8 /* OnboardingView.swift */,
				003108AE2C1ACE9800082651 /* OnboardingState.swift */,
				003108B12C1ACEA800082651 /* OnboardingIntent.swift */,
			);
			path = Onboarding;
			sourceTree = "<group>";
		};
		003108B32C1AD0A300082651 /* User */ = {
			isa = PBXGroup;
			children = (
				0072D9722C1C22F80092DBA9 /* EditMyProfile.swift */,
				006F01332C1880D00053E118 /* EmailValidation.swift */,
				000FAF1A2C19A63B005DD853 /* Join.swift */,
				000FAF1E2C19DDED005DD853 /* Login.swift */,
				003108B42C1AD0AE00082651 /* LoginWithKakaTalk.swift */,
				003108B72C1AF20F00082651 /* LoginWithAppleID.swift */,
			);
			path = User;
			sourceTree = "<group>";
		};
		0037D86E2C0EF11A00C24E7B = {
			isa = PBXGroup;
			children = (
				0037D8792C0EF11A00C24E7B /* MyBit */,
				0037D8782C0EF11A00C24E7B /* Products */,
			);
			sourceTree = "<group>";
		};
		0037D8782C0EF11A00C24E7B /* Products */ = {
			isa = PBXGroup;
			children = (
				0037D8772C0EF11A00C24E7B /* MyBit.app */,
			);
			name = Products;
			sourceTree = "<group>";
		};
		0037D8792C0EF11A00C24E7B /* MyBit */ = {
			isa = PBXGroup;
			children = (
				003108B62C1AE08400082651 /* MyBit.entitlements */,
				00BF1E862C11844000BCCFC8 /* Helpers */,
				0006CE232C0F053B00BA213A /* Network */,
				0006CE172C0EF2E200BA213A /* Scenes */,
				0037D87A2C0EF11A00C24E7B /* MyBitApp.swift */,
				0037D87E2C0EF11B00C24E7B /* Assets.xcassets */,
				0037D8802C0EF11B00C24E7B /* Preview Content */,
				0006CE262C0F068100BA213A /* APIKeys.swift */,
			);
			path = MyBit;
			sourceTree = "<group>";
		};
		0037D8802C0EF11B00C24E7B /* Preview Content */ = {
			isa = PBXGroup;
			children = (
				0037D8812C0EF11B00C24E7B /* Preview Assets.xcassets */,
			);
			path = "Preview Content";
			sourceTree = "<group>";
		};
		00670F212C1488650048ECD9 /* Exchange */ = {
			isa = PBXGroup;
			children = (
				00670F222C1488A00048ECD9 /* ExchangeView.swift */,
				00670F282C1496240048ECD9 /* ExchangeState.swift */,
				00670F2A2C14962D0048ECD9 /* ExchangeIntent.swift */,
			);
			path = Exchange;
			sourceTree = "<group>";
		};
		00670F2E2C149C850048ECD9 /* Coingecko */ = {
			isa = PBXGroup;
			children = (
				0006CE292C0F08A500BA213A /* Trending.swift */,
				00BF1E6F2C11742000BCCFC8 /* Search.swift */,
				00BF1E7D2C117E0200BCCFC8 /* Market.swift */,
			);
			path = Coingecko;
			sourceTree = "<group>";
		};
		00670F2F2C149C8C0048ECD9 /* Upbit */ = {
			isa = PBXGroup;
			children = (
				00670F262C1496150048ECD9 /* Ticker.swift */,
				00670F2C2C149C7E0048ECD9 /* CurrentPrice.swift */,
				00670F342C14A0EE0048ECD9 /* MarketCode.swift */,
			);
			path = Upbit;
			sourceTree = "<group>";
		};
		006F01142C17E9210053E118 /* Login */ = {
			isa = PBXGroup;
			children = (
				006F01152C17E9300053E118 /* LoginView.swift */,
				006F01182C17E9410053E118 /* LoginState.swift */,
				006F011A2C17EBAA0053E118 /* LoginIntent.swift */,
			);
			path = Login;
			sourceTree = "<group>";
		};
		006F01262C186F110053E118 /* User */ = {
			isa = PBXGroup;
			children = (
				000FAF1C2C19A6EF005DD853 /* UserInfo.swift */,
				0072D9642C1C017F0092DBA9 /* MyProfileInfo.swift */,
				00A6C2E62C214B19009D5E90 /* RefreshedToken.swift */,
			);
			path = User;
			sourceTree = "<group>";
		};
		006F01322C1880AA0053E118 /* Bodies */ = {
			isa = PBXGroup;
			children = (
				003108B32C1AD0A300082651 /* User */,
			);
			path = Bodies;
			sourceTree = "<group>";
		};
		0072D9662C1C0B700092DBA9 /* Enums */ = {
			isa = PBXGroup;
			children = (
				0072D9672C1C0B800092DBA9 /* SocialLoginLogo.swift */,
				0072D9792C1C2C820092DBA9 /* InputKind.swift */,
			);
			path = Enums;
			sourceTree = "<group>";
		};
		0072D96D2C1C21B90092DBA9 /* EditProfile */ = {
			isa = PBXGroup;
			children = (
				0072D97D2C1C407C0092DBA9 /* Enums */,
				0072D96B2C1C1CA40092DBA9 /* EditProfileView.swift */,
				0072D96E2C1C21E40092DBA9 /* EditProfileState.swift */,
				0072D9702C1C21F00092DBA9 /* EditProfileIntent.swift */,
			);
			path = EditProfile;
			sourceTree = "<group>";
		};
		0072D97D2C1C407C0092DBA9 /* Enums */ = {
			isa = PBXGroup;
			children = (
				0072D97B2C1C40780092DBA9 /* EditProfileInputType.swift */,
			);
			path = Enums;
			sourceTree = "<group>";
		};
		008889C22C15C3C0008619A8 /* CustomModifiers */ = {
			isa = PBXGroup;
			children = (
				008889C32C15C3EB008619A8 /* BitcoinChangeModifier.swift */,
				00D0EAA02C16C54900622339 /* RoundedCorner.swift */,
				00D0EAA62C16D41F00622339 /* BottomButtonModifier.swift */,
			);
			path = CustomModifiers;
			sourceTree = "<group>";
		};
		008889CA2C160AD3008619A8 /* LaunchScreen */ = {
			isa = PBXGroup;
			children = (
				008889CB2C160AE8008619A8 /* LaunchScreenView.swift */,
				008889C82C160AA9008619A8 /* SplashView.swift */,
				003108AD2C1ACE8200082651 /* Onboarding */,
				00D0EA982C16A52E00622339 /* SplashTopView.swift */,
			);
			path = LaunchScreen;
			sourceTree = "<group>";
		};
		00A6C2E82C215ED2009D5E90 /* ContentView */ = {
			isa = PBXGroup;
			children = (
				00D0EA9B2C16AC7200622339 /* ContentView.swift */,
			);
			path = ContentView;
			sourceTree = "<group>";
		};
		00ABCADA2C12C4710098CB84 /* Extensions */ = {
			isa = PBXGroup;
			children = (
				00ABCADB2C12C4820098CB84 /* Array+Ext.swift */,
				00ABCAE22C12DABD0098CB84 /* Double+Ext.swift */,
				00ABCAEE2C1334130098CB84 /* String+Ext.swift */,
				000FAF182C1951E5005DD853 /* Data+Ext.swift */,
				00BCD69B2C1EE08000A2931A /* Kingisher+Ext.swift */,
				00A6C2EF2C21626A009D5E90 /* NSNotificationName+Ext.swift */,
			);
			path = Extensions;
			sourceTree = "<group>";
		};
		00ABCAE12C12D4CC0098CB84 /* Enum */ = {
			isa = PBXGroup;
			children = (
				00ABCADF2C12D4170098CB84 /* TrendingRankingType.swift */,
			);
			path = Enum;
			sourceTree = "<group>";
		};
		00ABCAEB2C13039E0098CB84 /* UIKitComponents */ = {
			isa = PBXGroup;
			children = (
				00BCD68F2C1EB6B700A2931A /* ViewControllers */,
				00BCD68E2C1EB6AC00A2931A /* Views */,
			);
			path = UIKitComponents;
			sourceTree = "<group>";
		};
		00ABCB012C13395F0098CB84 /* Managers */ = {
			isa = PBXGroup;
			children = (
				0006CE2B2C0F0A8400BA213A /* CoingeckoManager.swift */,
				00670F322C149EE60048ECD9 /* UpbitManager.swift */,
				00670F242C1495D90048ECD9 /* WebSocketManager.swift */,
				006F01292C186FB20053E118 /* UserManager.swift */,
				000FAF202C19F94A005DD853 /* KeychainManager.swift */,
			);
			path = Managers;
			sourceTree = "<group>";
		};
		00ABCB022C13396C0098CB84 /* Errors */ = {
			isa = PBXGroup;
			children = (
				0006CE2D2C0F13E900BA213A /* NetworkErrors.swift */,
			);
			path = Errors;
			sourceTree = "<group>";
		};
		00ABCB032C1339790098CB84 /* Routers */ = {
			isa = PBXGroup;
			children = (
				0006CE242C0F055C00BA213A /* CoingeckoService.swift */,
				00670F302C149CE50048ECD9 /* UpbitService.swift */,
				006F01242C186C420053E118 /* UserService.swift */,
			);
			path = Routers;
			sourceTree = "<group>";
		};
		00ABCB042C1339820098CB84 /* Repositories */ = {
			isa = PBXGroup;
			children = (
				00ABCB052C1339960098CB84 /* FavoriteRepository.swift */,
			);
			path = Repositories;
			sourceTree = "<group>";
		};
		00ABCB072C1339B30098CB84 /* RepositoryModels */ = {
			isa = PBXGroup;
			children = (
				00ABCB082C1339C20098CB84 /* Favorite.swift */,
			);
			path = RepositoryModels;
			sourceTree = "<group>";
		};
		00BCD68E2C1EB6AC00A2931A /* Views */ = {
			isa = PBXGroup;
			children = (
				00ABCAEC2C1303C20098CB84 /* ChartView.swift */,
				00BCD69D2C1EE0B700A2931A /* ProfileImageView.swift */,
			);
			path = Views;
			sourceTree = "<group>";
		};
		00BCD68F2C1EB6B700A2931A /* ViewControllers */ = {
			isa = PBXGroup;
			children = (
				00BCD6902C1EB6D500A2931A /* PhotoPicker.swift */,
			);
			path = ViewControllers;
			sourceTree = "<group>";
		};
		00BCD6922C1EC42900A2931A /* ProfilePhoto */ = {
			isa = PBXGroup;
			children = (
			);
			path = ProfilePhoto;
			sourceTree = "<group>";
		};
		00BF1E7F2C117FA800BCCFC8 /* Detail */ = {
			isa = PBXGroup;
			children = (
				00BF1E802C117FBE00BCCFC8 /* DetailView.swift */,
				00BF1E822C117FC900BCCFC8 /* DetailState.swift */,
				00BF1E842C117FD000BCCFC8 /* DetailIntent.swift */,
			);
			path = Detail;
			sourceTree = "<group>";
		};
		00BF1E862C11844000BCCFC8 /* Helpers */ = {
			isa = PBXGroup;
			children = (
				0072D9662C1C0B700092DBA9 /* Enums */,
				008889C22C15C3C0008619A8 /* CustomModifiers */,
				00ABCAEB2C13039E0098CB84 /* UIKitComponents */,
				00ABCADA2C12C4710098CB84 /* Extensions */,
				00175FA92C11EC3C00D77BB6 /* CustomViews */,
				00BF1E872C11844D00BCCFC8 /* Protocols */,
			);
			path = Helpers;
			sourceTree = "<group>";
		};
		00BF1E872C11844D00BCCFC8 /* Protocols */ = {
			isa = PBXGroup;
			children = (
				00BF1E7B2C1176BF00BCCFC8 /* StateType.swift */,
				00ABCADD2C12D1340098CB84 /* ItemEssentialElements.swift */,
				00ABCAFF2C1339270098CB84 /* RepositoryType.swift */,
				006F01202C1821250053E118 /* IntentType.swift */,
			);
			path = Protocols;
			sourceTree = "<group>";
		};
		00BF1E8A2C1185F600BCCFC8 /* MyBitTabViews */ = {
			isa = PBXGroup;
			children = (
				00BF1E882C1185CB00BCCFC8 /* MyBitTabView.swift */,
				0006CE182C0EF2EE00BA213A /* Trending */,
				0006CE192C0EF2F900BA213A /* Search */,
				00670F212C1488650048ECD9 /* Exchange */,
				0006CE1A2C0EF30500BA213A /* Favorite */,
				0006CE1B2C0EF30D00BA213A /* Profile */,
				00BF1E7F2C117FA800BCCFC8 /* Detail */,
			);
			path = MyBitTabViews;
			sourceTree = "<group>";
		};
		00D0EA9A2C16AC6500622339 /* Content */ = {
			isa = PBXGroup;
			children = (
				00A6C2E82C215ED2009D5E90 /* ContentView */,
				008889CA2C160AD3008619A8 /* LaunchScreen */,
				00BF1E8A2C1185F600BCCFC8 /* MyBitTabViews */,
				00D0EAA82C16DB3300622339 /* SignUp */,
				006F01142C17E9210053E118 /* Login */,
				00D0EA9D2C16B23A00622339 /* BottomSheet */,
			);
			path = Content;
			sourceTree = "<group>";
		};
		00D0EA9D2C16B23A00622339 /* BottomSheet */ = {
			isa = PBXGroup;
			children = (
				00D0EA9E2C16B27D00622339 /* BottomSheetView.swift */,
			);
			path = BottomSheet;
			sourceTree = "<group>";
		};
		00D0EAA82C16DB3300622339 /* SignUp */ = {
			isa = PBXGroup;
			children = (
				00D0EAA92C16DB7B00622339 /* SignUpView.swift */,
				00D0EAAB2C16EA3900622339 /* SignUpState.swift */,
				00D0EAAD2C16EA4100622339 /* SignUpIntent.swift */,
			);
			path = SignUp;
			sourceTree = "<group>";
		};
/* End PBXGroup section */

/* Begin PBXNativeTarget section */
		0037D8762C0EF11A00C24E7B /* MyBit */ = {
			isa = PBXNativeTarget;
			buildConfigurationList = 0037D8852C0EF11B00C24E7B /* Build configuration list for PBXNativeTarget "MyBit" */;
			buildPhases = (
				0037D8732C0EF11A00C24E7B /* Sources */,
				0037D8742C0EF11A00C24E7B /* Frameworks */,
				0037D8752C0EF11A00C24E7B /* Resources */,
				00ABCAFE2C1338390098CB84 /* Embed Frameworks */,
			);
			buildRules = (
			);
			dependencies = (
			);
			name = MyBit;
			packageProductDependencies = (
				0006CE212C0F049900BA213A /* CombineMoya */,
				00175FA72C11E6B200D77BB6 /* Kingfisher */,
				00ABCAE92C1302460098CB84 /* DGCharts */,
				00ABCAFB2C13381A0098CB84 /* RealmSwift */,
				003108A92C1AC3E200082651 /* KakaoSDKAuth */,
				003108AB2C1AC3E200082651 /* KakaoSDKUser */,
			);
			productName = MyBit;
			productReference = 0037D8772C0EF11A00C24E7B /* MyBit.app */;
			productType = "com.apple.product-type.application";
		};
/* End PBXNativeTarget section */

/* Begin PBXProject section */
		0037D86F2C0EF11A00C24E7B /* Project object */ = {
			isa = PBXProject;
			attributes = {
				BuildIndependentTargetsInParallel = 1;
				LastSwiftUpdateCheck = 1540;
				LastUpgradeCheck = 1540;
				TargetAttributes = {
					0037D8762C0EF11A00C24E7B = {
						CreatedOnToolsVersion = 15.4;
					};
				};
			};
			buildConfigurationList = 0037D8722C0EF11A00C24E7B /* Build configuration list for PBXProject "MyBit" */;
			compatibilityVersion = "Xcode 14.0";
			developmentRegion = en;
			hasScannedForEncodings = 0;
			knownRegions = (
				en,
				Base,
			);
			mainGroup = 0037D86E2C0EF11A00C24E7B;
			packageReferences = (
				0006CE202C0F049900BA213A /* XCRemoteSwiftPackageReference "Moya" */,
				00175FA62C11E6B200D77BB6 /* XCRemoteSwiftPackageReference "Kingfisher" */,
				00ABCAE82C1302460098CB84 /* XCRemoteSwiftPackageReference "Charts" */,
				00ABCAFA2C13381A0098CB84 /* XCRemoteSwiftPackageReference "realm-swift" */,
				003108A82C1AC3E200082651 /* XCRemoteSwiftPackageReference "kakao-ios-sdk" */,
			);
			productRefGroup = 0037D8782C0EF11A00C24E7B /* Products */;
			projectDirPath = "";
			projectRoot = "";
			targets = (
				0037D8762C0EF11A00C24E7B /* MyBit */,
			);
		};
/* End PBXProject section */

/* Begin PBXResourcesBuildPhase section */
		0037D8752C0EF11A00C24E7B /* Resources */ = {
			isa = PBXResourcesBuildPhase;
			buildActionMask = 2147483647;
			files = (
				0037D8822C0EF11B00C24E7B /* Preview Assets.xcassets in Resources */,
				0037D87F2C0EF11B00C24E7B /* Assets.xcassets in Resources */,
			);
			runOnlyForDeploymentPostprocessing = 0;
		};
/* End PBXResourcesBuildPhase section */

/* Begin PBXSourcesBuildPhase section */
		0037D8732C0EF11A00C24E7B /* Sources */ = {
			isa = PBXSourcesBuildPhase;
			buildActionMask = 2147483647;
			files = (
				0006CE342C0F19FE00BA213A /* TrendingIntent.swift in Sources */,
				00ABCB002C1339270098CB84 /* RepositoryType.swift in Sources */,
				0006CE322C0F17BA00BA213A /* TrendingState.swift in Sources */,
				006F012A2C186FB20053E118 /* UserManager.swift in Sources */,
				00670F2B2C14962D0048ECD9 /* ExchangeIntent.swift in Sources */,
				0072D9682C1C0B800092DBA9 /* SocialLoginLogo.swift in Sources */,
				00ABCAED2C1303C20098CB84 /* ChartView.swift in Sources */,
				00BCD6942C1EC43400A2931A /* ProfilePhotoView.swift in Sources */,
				003108B22C1ACEA800082651 /* OnboardingIntent.swift in Sources */,
				0006CE2C2C0F0A8400BA213A /* CoingeckoManager.swift in Sources */,
				0072D96C2C1C1CA40092DBA9 /* EditProfileView.swift in Sources */,
				00BF1E742C1174D600BCCFC8 /* SearchState.swift in Sources */,
				000FAF1F2C19DDED005DD853 /* Login.swift in Sources */,
				008889CC2C160AE8008619A8 /* LaunchScreenView.swift in Sources */,
				00ABCB092C1339C20098CB84 /* Favorite.swift in Sources */,
				00D0EA9C2C16AC7200622339 /* ContentView.swift in Sources */,
				006F01342C1880D00053E118 /* EmailValidation.swift in Sources */,
				0006CE252C0F055C00BA213A /* CoingeckoService.swift in Sources */,
				00670F232C1488A00048ECD9 /* ExchangeView.swift in Sources */,
				00BF1E892C1185CB00BCCFC8 /* MyBitTabView.swift in Sources */,
				00BF1E7C2C1176BF00BCCFC8 /* StateType.swift in Sources */,
				00A6C2EC2C216073009D5E90 /* AppState.swift in Sources */,
				00BF1E7E2C117E0200BCCFC8 /* Market.swift in Sources */,
				00D0EAA72C16D41F00622339 /* BottomButtonModifier.swift in Sources */,
				00A6C2E52C214697009D5E90 /* ErrorCode.swift in Sources */,
				00670F352C14A0EE0048ECD9 /* MarketCode.swift in Sources */,
				00D0EAB02C16FAA700622339 /* BottomViewGrabber.swift in Sources */,
				006F01162C17E9300053E118 /* LoginView.swift in Sources */,
				006F01192C17E9410053E118 /* LoginState.swift in Sources */,
				00670F202C1422480048ECD9 /* FavoriteIntent.swift in Sources */,
				000FAF172C1951C4005DD853 /* LoggingPlugin.swift in Sources */,
				00FCDB0A2C22EC0700F9A453 /* TokenRefresher.swift in Sources */,
				00BF1E8C2C11872300BCCFC8 /* FavoriteView.swift in Sources */,
				0072D96F2C1C21E40092DBA9 /* EditProfileState.swift in Sources */,
				0006CE302C0F170100BA213A /* TrendingView.swift in Sources */,
				008889CE2C160B61008619A8 /* OnboardingView.swift in Sources */,
				006F01212C1821250053E118 /* IntentType.swift in Sources */,
				008889C92C160AA9008619A8 /* SplashView.swift in Sources */,
				0072D9632C1BEACA0092DBA9 /* ProfileIntent.swift in Sources */,
				00ABCAE72C12EE4A0098CB84 /* FavoriteStarView.swift in Sources */,
				000FAF212C19F94A005DD853 /* KeychainManager.swift in Sources */,
				00ABCAE02C12D4170098CB84 /* TrendingRankingType.swift in Sources */,
				00D0EAA52C16CF4A00622339 /* CustomButton.swift in Sources */,
				00D0EAAC2C16EA3900622339 /* SignUpState.swift in Sources */,
				00D0EAB22C17064F00622339 /* InputView.swift in Sources */,
				00BCD69E2C1EE0B700A2931A /* ProfileImageView.swift in Sources */,
				006F01132C17E8870053E118 /* NavigationBarForCreatingNewFeature.swift in Sources */,
				00ABCADE2C12D1340098CB84 /* ItemEssentialElements.swift in Sources */,
				003108B52C1AD0AE00082651 /* LoginWithKakaTalk.swift in Sources */,
				006F01252C186C420053E118 /* UserService.swift in Sources */,
				00D0EA992C16A52E00622339 /* SplashTopView.swift in Sources */,
				00D0EA9F2C16B27D00622339 /* BottomSheetView.swift in Sources */,
				00670F2D2C149C7E0048ECD9 /* CurrentPrice.swift in Sources */,
				00ABCADC2C12C4820098CB84 /* Array+Ext.swift in Sources */,
				00670F272C1496150048ECD9 /* Ticker.swift in Sources */,
				0072D97A2C1C2C820092DBA9 /* InputKind.swift in Sources */,
				00BF1E852C117FD000BCCFC8 /* DetailIntent.swift in Sources */,
				000FAF192C1951E5005DD853 /* Data+Ext.swift in Sources */,
				0006CE2E2C0F13E900BA213A /* NetworkErrors.swift in Sources */,
				00A6C2EA2C216015009D5E90 /* AppIntent.swift in Sources */,
				0072D97C2C1C40780092DBA9 /* EditProfileInputType.swift in Sources */,
				00BCD69C2C1EE08000A2931A /* Kingisher+Ext.swift in Sources */,
				00670F292C1496240048ECD9 /* ExchangeState.swift in Sources */,
				00BF1E812C117FBE00BCCFC8 /* DetailView.swift in Sources */,
				0072D9732C1C22F80092DBA9 /* EditMyProfile.swift in Sources */,
				000FAF1B2C19A63B005DD853 /* Join.swift in Sources */,
				0072D9612C1BE8F70092DBA9 /* ProfileState.swift in Sources */,
				008889C42C15C3EB008619A8 /* BitcoinChangeModifier.swift in Sources */,
				00ABCB062C1339960098CB84 /* FavoriteRepository.swift in Sources */,
				0072D9652C1C017F0092DBA9 /* MyProfileInfo.swift in Sources */,
				00670F252C1495D90048ECD9 /* WebSocketManager.swift in Sources */,
				00A6C2E72C214B19009D5E90 /* RefreshedToken.swift in Sources */,
				00D0EAAE2C16EA4100622339 /* SignUpIntent.swift in Sources */,
				000FAF1D2C19A6EF005DD853 /* UserInfo.swift in Sources */,
				00BCD6A02C1EFCAC00A2931A /* Headers.swift in Sources */,
				003108B82C1AF20F00082651 /* LoginWithAppleID.swift in Sources */,
				0072D9712C1C21F00092DBA9 /* EditProfileIntent.swift in Sources */,
				00670F332C149EE60048ECD9 /* UpbitManager.swift in Sources */,
				00ABCAEF2C1334130098CB84 /* String+Ext.swift in Sources */,
				0006CE2A2C0F08A500BA213A /* Trending.swift in Sources */,
				00670F312C149CE50048ECD9 /* UpbitService.swift in Sources */,
				00670F1E2C14223E0048ECD9 /* FavoriteState.swift in Sources */,
				00ABCAE32C12DABD0098CB84 /* Double+Ext.swift in Sources */,
				00D0EAA12C16C54900622339 /* RoundedCorner.swift in Sources */,
				003108AF2C1ACE9800082651 /* OnboardingState.swift in Sources */,
				00BF1E762C1174DE00BCCFC8 /* SearchIntent.swift in Sources */,
				00BF1E702C11742000BCCFC8 /* Search.swift in Sources */,
				00BF1E832C117FC900BCCFC8 /* DetailState.swift in Sources */,
				00D0EAAA2C16DB7B00622339 /* SignUpView.swift in Sources */,
				0006CE272C0F068100BA213A /* APIKeys.swift in Sources */,
				0037D87B2C0EF11A00C24E7B /* MyBitApp.swift in Sources */,
				00175FAB2C11EC4D00D77BB6 /* CustomNavigationView.swift in Sources */,
				00BCD6912C1EB6D500A2931A /* PhotoPicker.swift in Sources */,
				00A6C2F02C21626A009D5E90 /* NSNotificationName+Ext.swift in Sources */,
				006F011B2C17EBAA0053E118 /* LoginIntent.swift in Sources */,
				00BF1E8E2C11873400BCCFC8 /* ProfileView.swift in Sources */,
				00BF1E722C1174CF00BCCFC8 /* SearchView.swift in Sources */,
			);
			runOnlyForDeploymentPostprocessing = 0;
		};
/* End PBXSourcesBuildPhase section */

/* Begin XCBuildConfiguration section */
		0037D8832C0EF11B00C24E7B /* Debug */ = {
			isa = XCBuildConfiguration;
			buildSettings = {
				ALWAYS_SEARCH_USER_PATHS = NO;
				ASSETCATALOG_COMPILER_GENERATE_SWIFT_ASSET_SYMBOL_EXTENSIONS = YES;
				CLANG_ANALYZER_NONNULL = YES;
				CLANG_ANALYZER_NUMBER_OBJECT_CONVERSION = YES_AGGRESSIVE;
				CLANG_CXX_LANGUAGE_STANDARD = "gnu++20";
				CLANG_ENABLE_MODULES = YES;
				CLANG_ENABLE_OBJC_ARC = YES;
				CLANG_ENABLE_OBJC_WEAK = YES;
				CLANG_WARN_BLOCK_CAPTURE_AUTORELEASING = YES;
				CLANG_WARN_BOOL_CONVERSION = YES;
				CLANG_WARN_COMMA = YES;
				CLANG_WARN_CONSTANT_CONVERSION = YES;
				CLANG_WARN_DEPRECATED_OBJC_IMPLEMENTATIONS = YES;
				CLANG_WARN_DIRECT_OBJC_ISA_USAGE = YES_ERROR;
				CLANG_WARN_DOCUMENTATION_COMMENTS = YES;
				CLANG_WARN_EMPTY_BODY = YES;
				CLANG_WARN_ENUM_CONVERSION = YES;
				CLANG_WARN_INFINITE_RECURSION = YES;
				CLANG_WARN_INT_CONVERSION = YES;
				CLANG_WARN_NON_LITERAL_NULL_CONVERSION = YES;
				CLANG_WARN_OBJC_IMPLICIT_RETAIN_SELF = YES;
				CLANG_WARN_OBJC_LITERAL_CONVERSION = YES;
				CLANG_WARN_OBJC_ROOT_CLASS = YES_ERROR;
				CLANG_WARN_QUOTED_INCLUDE_IN_FRAMEWORK_HEADER = YES;
				CLANG_WARN_RANGE_LOOP_ANALYSIS = YES;
				CLANG_WARN_STRICT_PROTOTYPES = YES;
				CLANG_WARN_SUSPICIOUS_MOVE = YES;
				CLANG_WARN_UNGUARDED_AVAILABILITY = YES_AGGRESSIVE;
				CLANG_WARN_UNREACHABLE_CODE = YES;
				CLANG_WARN__DUPLICATE_METHOD_MATCH = YES;
				COPY_PHASE_STRIP = NO;
				DEBUG_INFORMATION_FORMAT = dwarf;
				ENABLE_STRICT_OBJC_MSGSEND = YES;
				ENABLE_TESTABILITY = YES;
				ENABLE_USER_SCRIPT_SANDBOXING = YES;
				GCC_C_LANGUAGE_STANDARD = gnu17;
				GCC_DYNAMIC_NO_PIC = NO;
				GCC_NO_COMMON_BLOCKS = YES;
				GCC_OPTIMIZATION_LEVEL = 0;
				GCC_PREPROCESSOR_DEFINITIONS = (
					"DEBUG=1",
					"$(inherited)",
				);
				GCC_WARN_64_TO_32_BIT_CONVERSION = YES;
				GCC_WARN_ABOUT_RETURN_TYPE = YES_ERROR;
				GCC_WARN_UNDECLARED_SELECTOR = YES;
				GCC_WARN_UNINITIALIZED_AUTOS = YES_AGGRESSIVE;
				GCC_WARN_UNUSED_FUNCTION = YES;
				GCC_WARN_UNUSED_VARIABLE = YES;
				IPHONEOS_DEPLOYMENT_TARGET = 15.0;
				LOCALIZATION_PREFERS_STRING_CATALOGS = YES;
				MTL_ENABLE_DEBUG_INFO = INCLUDE_SOURCE;
				MTL_FAST_MATH = YES;
				ONLY_ACTIVE_ARCH = YES;
				SDKROOT = iphoneos;
				SWIFT_ACTIVE_COMPILATION_CONDITIONS = "DEBUG $(inherited)";
				SWIFT_OPTIMIZATION_LEVEL = "-Onone";
			};
			name = Debug;
		};
		0037D8842C0EF11B00C24E7B /* Release */ = {
			isa = XCBuildConfiguration;
			buildSettings = {
				ALWAYS_SEARCH_USER_PATHS = NO;
				ASSETCATALOG_COMPILER_GENERATE_SWIFT_ASSET_SYMBOL_EXTENSIONS = YES;
				CLANG_ANALYZER_NONNULL = YES;
				CLANG_ANALYZER_NUMBER_OBJECT_CONVERSION = YES_AGGRESSIVE;
				CLANG_CXX_LANGUAGE_STANDARD = "gnu++20";
				CLANG_ENABLE_MODULES = YES;
				CLANG_ENABLE_OBJC_ARC = YES;
				CLANG_ENABLE_OBJC_WEAK = YES;
				CLANG_WARN_BLOCK_CAPTURE_AUTORELEASING = YES;
				CLANG_WARN_BOOL_CONVERSION = YES;
				CLANG_WARN_COMMA = YES;
				CLANG_WARN_CONSTANT_CONVERSION = YES;
				CLANG_WARN_DEPRECATED_OBJC_IMPLEMENTATIONS = YES;
				CLANG_WARN_DIRECT_OBJC_ISA_USAGE = YES_ERROR;
				CLANG_WARN_DOCUMENTATION_COMMENTS = YES;
				CLANG_WARN_EMPTY_BODY = YES;
				CLANG_WARN_ENUM_CONVERSION = YES;
				CLANG_WARN_INFINITE_RECURSION = YES;
				CLANG_WARN_INT_CONVERSION = YES;
				CLANG_WARN_NON_LITERAL_NULL_CONVERSION = YES;
				CLANG_WARN_OBJC_IMPLICIT_RETAIN_SELF = YES;
				CLANG_WARN_OBJC_LITERAL_CONVERSION = YES;
				CLANG_WARN_OBJC_ROOT_CLASS = YES_ERROR;
				CLANG_WARN_QUOTED_INCLUDE_IN_FRAMEWORK_HEADER = YES;
				CLANG_WARN_RANGE_LOOP_ANALYSIS = YES;
				CLANG_WARN_STRICT_PROTOTYPES = YES;
				CLANG_WARN_SUSPICIOUS_MOVE = YES;
				CLANG_WARN_UNGUARDED_AVAILABILITY = YES_AGGRESSIVE;
				CLANG_WARN_UNREACHABLE_CODE = YES;
				CLANG_WARN__DUPLICATE_METHOD_MATCH = YES;
				COPY_PHASE_STRIP = NO;
				DEBUG_INFORMATION_FORMAT = "dwarf-with-dsym";
				ENABLE_NS_ASSERTIONS = NO;
				ENABLE_STRICT_OBJC_MSGSEND = YES;
				ENABLE_USER_SCRIPT_SANDBOXING = YES;
				GCC_C_LANGUAGE_STANDARD = gnu17;
				GCC_NO_COMMON_BLOCKS = YES;
				GCC_WARN_64_TO_32_BIT_CONVERSION = YES;
				GCC_WARN_ABOUT_RETURN_TYPE = YES_ERROR;
				GCC_WARN_UNDECLARED_SELECTOR = YES;
				GCC_WARN_UNINITIALIZED_AUTOS = YES_AGGRESSIVE;
				GCC_WARN_UNUSED_FUNCTION = YES;
				GCC_WARN_UNUSED_VARIABLE = YES;
				IPHONEOS_DEPLOYMENT_TARGET = 15.0;
				LOCALIZATION_PREFERS_STRING_CATALOGS = YES;
				MTL_ENABLE_DEBUG_INFO = NO;
				MTL_FAST_MATH = YES;
				SDKROOT = iphoneos;
				SWIFT_COMPILATION_MODE = wholemodule;
				VALIDATE_PRODUCT = YES;
			};
			name = Release;
		};
		0037D8862C0EF11B00C24E7B /* Debug */ = {
			isa = XCBuildConfiguration;
			buildSettings = {
				ASSETCATALOG_COMPILER_APPICON_NAME = AppIcon;
				ASSETCATALOG_COMPILER_GLOBAL_ACCENT_COLOR_NAME = AccentColor;
				CODE_SIGN_ENTITLEMENTS = MyBit/MyBit.entitlements;
				CODE_SIGN_STYLE = Automatic;
				CURRENT_PROJECT_VERSION = 1;
				DEVELOPMENT_ASSET_PATHS = "\"MyBit/Preview Content\"";
				DEVELOPMENT_TEAM = 59V6NJY3X6;
				ENABLE_PREVIEWS = YES;
				GENERATE_INFOPLIST_FILE = YES;
				INFOPLIST_FILE = MyBit/Info.plist;
				INFOPLIST_KEY_CFBundleDisplayName = MyBit;
				INFOPLIST_KEY_UIApplicationSceneManifest_Generation = YES;
				INFOPLIST_KEY_UIApplicationSupportsIndirectInputEvents = YES;
				INFOPLIST_KEY_UILaunchScreen_Generation = YES;
				INFOPLIST_KEY_UISupportedInterfaceOrientations = UIInterfaceOrientationPortrait;
				INFOPLIST_KEY_UISupportedInterfaceOrientations_iPad = "UIInterfaceOrientationLandscapeLeft UIInterfaceOrientationLandscapeRight UIInterfaceOrientationPortrait UIInterfaceOrientationPortraitUpsideDown";
				IPHONEOS_DEPLOYMENT_TARGET = 15.0;
				LD_RUNPATH_SEARCH_PATHS = (
					"$(inherited)",
					"@executable_path/Frameworks",
				);
				MARKETING_VERSION = 1.0;
				PRODUCT_BUNDLE_IDENTIFIER = com.constdreamcoder.MyBit;
				PRODUCT_NAME = "$(TARGET_NAME)";
				SUPPORTED_PLATFORMS = "iphoneos iphonesimulator";
				SUPPORTS_MACCATALYST = NO;
				SUPPORTS_MAC_DESIGNED_FOR_IPHONE_IPAD = NO;
				SUPPORTS_XR_DESIGNED_FOR_IPHONE_IPAD = NO;
				SWIFT_EMIT_LOC_STRINGS = YES;
				SWIFT_VERSION = 5.0;
				TARGETED_DEVICE_FAMILY = 1;
			};
			name = Debug;
		};
		0037D8872C0EF11B00C24E7B /* Release */ = {
			isa = XCBuildConfiguration;
			buildSettings = {
				ASSETCATALOG_COMPILER_APPICON_NAME = AppIcon;
				ASSETCATALOG_COMPILER_GLOBAL_ACCENT_COLOR_NAME = AccentColor;
				CODE_SIGN_ENTITLEMENTS = MyBit/MyBit.entitlements;
				CODE_SIGN_STYLE = Automatic;
				CURRENT_PROJECT_VERSION = 1;
				DEVELOPMENT_ASSET_PATHS = "\"MyBit/Preview Content\"";
				DEVELOPMENT_TEAM = 59V6NJY3X6;
				ENABLE_PREVIEWS = YES;
				GENERATE_INFOPLIST_FILE = YES;
				INFOPLIST_FILE = MyBit/Info.plist;
				INFOPLIST_KEY_CFBundleDisplayName = MyBit;
				INFOPLIST_KEY_UIApplicationSceneManifest_Generation = YES;
				INFOPLIST_KEY_UIApplicationSupportsIndirectInputEvents = YES;
				INFOPLIST_KEY_UILaunchScreen_Generation = YES;
				INFOPLIST_KEY_UISupportedInterfaceOrientations = UIInterfaceOrientationPortrait;
				INFOPLIST_KEY_UISupportedInterfaceOrientations_iPad = "UIInterfaceOrientationLandscapeLeft UIInterfaceOrientationLandscapeRight UIInterfaceOrientationPortrait UIInterfaceOrientationPortraitUpsideDown";
				IPHONEOS_DEPLOYMENT_TARGET = 15.0;
				LD_RUNPATH_SEARCH_PATHS = (
					"$(inherited)",
					"@executable_path/Frameworks",
				);
				MARKETING_VERSION = 1.0;
				PRODUCT_BUNDLE_IDENTIFIER = com.constdreamcoder.MyBit;
				PRODUCT_NAME = "$(TARGET_NAME)";
				SUPPORTED_PLATFORMS = "iphoneos iphonesimulator";
				SUPPORTS_MACCATALYST = NO;
				SUPPORTS_MAC_DESIGNED_FOR_IPHONE_IPAD = NO;
				SUPPORTS_XR_DESIGNED_FOR_IPHONE_IPAD = NO;
				SWIFT_EMIT_LOC_STRINGS = YES;
				SWIFT_VERSION = 5.0;
				TARGETED_DEVICE_FAMILY = 1;
			};
			name = Release;
		};
/* End XCBuildConfiguration section */

/* Begin XCConfigurationList section */
		0037D8722C0EF11A00C24E7B /* Build configuration list for PBXProject "MyBit" */ = {
			isa = XCConfigurationList;
			buildConfigurations = (
				0037D8832C0EF11B00C24E7B /* Debug */,
				0037D8842C0EF11B00C24E7B /* Release */,
			);
			defaultConfigurationIsVisible = 0;
			defaultConfigurationName = Release;
		};
		0037D8852C0EF11B00C24E7B /* Build configuration list for PBXNativeTarget "MyBit" */ = {
			isa = XCConfigurationList;
			buildConfigurations = (
				0037D8862C0EF11B00C24E7B /* Debug */,
				0037D8872C0EF11B00C24E7B /* Release */,
			);
			defaultConfigurationIsVisible = 0;
			defaultConfigurationName = Release;
		};
/* End XCConfigurationList section */

/* Begin XCRemoteSwiftPackageReference section */
		0006CE202C0F049900BA213A /* XCRemoteSwiftPackageReference "Moya" */ = {
			isa = XCRemoteSwiftPackageReference;
			repositoryURL = "https://github.com/Moya/Moya";
			requirement = {
				kind = upToNextMajorVersion;
				minimumVersion = 15.0.3;
			};
		};
		00175FA62C11E6B200D77BB6 /* XCRemoteSwiftPackageReference "Kingfisher" */ = {
			isa = XCRemoteSwiftPackageReference;
			repositoryURL = "https://github.com/onevcat/Kingfisher.git";
			requirement = {
				kind = upToNextMajorVersion;
				minimumVersion = 7.11.0;
			};
		};
		003108A82C1AC3E200082651 /* XCRemoteSwiftPackageReference "kakao-ios-sdk" */ = {
			isa = XCRemoteSwiftPackageReference;
			repositoryURL = "https://github.com/kakao/kakao-ios-sdk";
			requirement = {
				branch = master;
				kind = branch;
			};
		};
		00ABCAE82C1302460098CB84 /* XCRemoteSwiftPackageReference "Charts" */ = {
			isa = XCRemoteSwiftPackageReference;
			repositoryURL = "https://github.com/ChartsOrg/Charts.git";
			requirement = {
				kind = upToNextMajorVersion;
				minimumVersion = 5.1.0;
			};
		};
		00ABCAFA2C13381A0098CB84 /* XCRemoteSwiftPackageReference "realm-swift" */ = {
			isa = XCRemoteSwiftPackageReference;
			repositoryURL = "https://github.com/realm/realm-swift";
			requirement = {
				kind = upToNextMajorVersion;
				minimumVersion = 10.51.0;
			};
		};
/* End XCRemoteSwiftPackageReference section */

/* Begin XCSwiftPackageProductDependency section */
		0006CE212C0F049900BA213A /* CombineMoya */ = {
			isa = XCSwiftPackageProductDependency;
			package = 0006CE202C0F049900BA213A /* XCRemoteSwiftPackageReference "Moya" */;
			productName = CombineMoya;
		};
		00175FA72C11E6B200D77BB6 /* Kingfisher */ = {
			isa = XCSwiftPackageProductDependency;
			package = 00175FA62C11E6B200D77BB6 /* XCRemoteSwiftPackageReference "Kingfisher" */;
			productName = Kingfisher;
		};
		003108A92C1AC3E200082651 /* KakaoSDKAuth */ = {
			isa = XCSwiftPackageProductDependency;
			package = 003108A82C1AC3E200082651 /* XCRemoteSwiftPackageReference "kakao-ios-sdk" */;
			productName = KakaoSDKAuth;
		};
		003108AB2C1AC3E200082651 /* KakaoSDKUser */ = {
			isa = XCSwiftPackageProductDependency;
			package = 003108A82C1AC3E200082651 /* XCRemoteSwiftPackageReference "kakao-ios-sdk" */;
			productName = KakaoSDKUser;
		};
		00ABCAE92C1302460098CB84 /* DGCharts */ = {
			isa = XCSwiftPackageProductDependency;
			package = 00ABCAE82C1302460098CB84 /* XCRemoteSwiftPackageReference "Charts" */;
			productName = DGCharts;
		};
		00ABCAFB2C13381A0098CB84 /* RealmSwift */ = {
			isa = XCSwiftPackageProductDependency;
			package = 00ABCAFA2C13381A0098CB84 /* XCRemoteSwiftPackageReference "realm-swift" */;
			productName = RealmSwift;
		};
/* End XCSwiftPackageProductDependency section */
	};
	rootObject = 0037D86F2C0EF11A00C24E7B /* Project object */;
}
